
Microsoft Visual Studio Solution File, Format Version 12.00
# Visual Studio 2013
VisualStudioVersion = 12.0.30501.0
MinimumVisualStudioVersion = 10.0.40219.1
Project("{FAE04EC0-301F-11D3-BF4B-00C04F79EFBC}") = "DanTup.DartVS.Vsix", "DanTup.DartVS.Vsix\DanTup.DartVS.Vsix.csproj", "{CFC8B136-5D0D-4439-9373-E7B1CA027118}"
EndProject
Project("{FAE04EC0-301F-11D3-BF4B-00C04F79EFBC}") = "DanTup.DartAnalysis", "DanTup.DartAnalysis\DanTup.DartAnalysis.csproj", "{65EBAB30-E636-4515-8315-4F42CF29B6F3}"
EndProject
Project("{FAE04EC0-301F-11D3-BF4B-00C04F79EFBC}") = "DanTup.DartAnalysis.Tests", "DanTup.DartAnalysis.Tests\DanTup.DartAnalysis.Tests.csproj", "{464141D0-63EA-4956-9C5C-142EE3906B00}"
EndProject
Project("{E24C65DC-7377-472B-9ABA-BC803B73C61A}") = "analysis_server", "http://localhost:57920", "{0C6FC1E7-DD9B-448C-9D5D-1CB31E742492}"
	ProjectSection(WebsiteProperties) = preProject
		UseIISExpress = "true"
		TargetFrameworkMoniker = ".NETFramework,Version%3Dv4.0"
		Debug.AspNetCompiler.VirtualPath = "/localhost_57920"
		Debug.AspNetCompiler.PhysicalPath = "..\Dart\dart\pkg\analysis_server\"
		Debug.AspNetCompiler.TargetPath = "PrecompiledWeb\localhost_57920\"
		Debug.AspNetCompiler.Updateable = "true"
		Debug.AspNetCompiler.ForceOverwrite = "true"
		Debug.AspNetCompiler.FixedNames = "false"
		Debug.AspNetCompiler.Debug = "True"
		Release.AspNetCompiler.VirtualPath = "/localhost_57920"
		Release.AspNetCompiler.PhysicalPath = "..\Dart\dart\pkg\analysis_server\"
		Release.AspNetCompiler.TargetPath = "PrecompiledWeb\localhost_57920\"
		Release.AspNetCompiler.Updateable = "true"
		Release.AspNetCompiler.ForceOverwrite = "true"
		Release.AspNetCompiler.FixedNames = "false"
		Release.AspNetCompiler.Debug = "False"
		SlnRelativePath = "..\Dart\dart\pkg\analysis_server\"
	EndProjectSection
EndProject
Project("{E24C65DC-7377-472B-9ABA-BC803B73C61A}") = "DanTup.DartAnalysis.Tests.SampleDartProject", "http://localhost:49251", "{88C4EE36-6BF1-4144-8081-126217A59B56}"
	ProjectSection(WebsiteProperties) = preProject
		UseIISExpress = "true"
		TargetFrameworkMoniker = ".NETFramework,Version%3Dv4.0"
		Debug.AspNetCompiler.VirtualPath = "/localhost_49251"
		Debug.AspNetCompiler.PhysicalPath = "DanTup.DartAnalysis.Tests.SampleDartProject\"
		Debug.AspNetCompiler.TargetPath = "PrecompiledWeb\localhost_49251\"
		Debug.AspNetCompiler.Updateable = "true"
		Debug.AspNetCompiler.ForceOverwrite = "true"
		Debug.AspNetCompiler.FixedNames = "false"
		Debug.AspNetCompiler.Debug = "True"
		Release.AspNetCompiler.VirtualPath = "/localhost_49251"
		Release.AspNetCompiler.PhysicalPath = "DanTup.DartAnalysis.Tests.SampleDartProject\"
		Release.AspNetCompiler.TargetPath = "PrecompiledWeb\localhost_49251\"
		Release.AspNetCompiler.Updateable = "true"
		Release.AspNetCompiler.ForceOverwrite = "true"
		Release.AspNetCompiler.FixedNames = "false"
		Release.AspNetCompiler.Debug = "False"
		SlnRelativePath = "DanTup.DartAnalysis.Tests.SampleDartProject\"
		DefaultWebSiteLanguage = "Visual C#"
	EndProjectSection
EndProject
Project("{2150E333-8FDC-42A3-9474-1A3956D46DE8}") = "Solution Items", "Solution Items", "{C5514ED0-02F0-4FC1-AFBE-01B1FD1C14B2}"
	ProjectSection(SolutionItems) = preProject
		.gitignore = .gitignore
		LICENCE.txt = LICENCE.txt
		README.md = README.md
		UpdateJson.fsx = UpdateJson.fsx
		UpdateSnapshot.cmd = UpdateSnapshot.cmd
		UpdateVersions.fsx = UpdateVersions.fsx
	EndProjectSection
EndProject
Project("{2150E333-8FDC-42A3-9474-1A3956D46DE8}") = "Templates", "Templates", "{41302908-B8A3-43B3-BEDF-4429B57644D2}"
EndProject
Project("{2150E333-8FDC-42A3-9474-1A3956D46DE8}") = "Item", "Item", "{24723645-E020-4404-8C34-4F1219FCAA58}"
EndProject
Project("{2150E333-8FDC-42A3-9474-1A3956D46DE8}") = "Project", "Project", "{1F55ABC4-E076-434F-BD98-D60C81451C81}"
EndProject
Project("{FAE04EC0-301F-11D3-BF4B-00C04F79EFBC}") = "DartClassItemTemplate", "Templates\Item\DartClassItemTemplate\DartClassItemTemplate.csproj", "{4371E445-C653-4470-BECF-7F69870725F3}"
EndProject
Project("{FAE04EC0-301F-11D3-BF4B-00C04F79EFBC}") = "DartSampleProjectTemplate", "Templates\Project\DartSampleProjectTemplate\DartSampleProjectTemplate.csproj", "{CA6FDA9F-403A-4F63-A215-99079864819A}"
EndProject
Project("{FAE04EC0-301F-11D3-BF4B-00C04F79EFBC}") = "DartConsoleApplicationProjectTemplate", "Templates\Project\DartConsoleApplicationProjectTemplate\DartConsoleApplicationProjectTemplate.csproj", "{F25888C1-45ED-44E7-B05F-0D5E8207821D}"
EndProject
Project("{FAE04EC0-301F-11D3-BF4B-00C04F79EFBC}") = "DartWebApplicationProjectTemplate", "Templates\Project\DartWebApplicationProjectTemplate\DartWebApplicationProjectTemplate.csproj", "{1CAE7B49-3E56-47FF-82E1-770533167851}"
EndProject
Project("{FAE04EC0-301F-11D3-BF4B-00C04F79EFBC}") = "DartPackageProjectTemplate", "Templates\Project\DartPackageProjectTemplate\DartPackageProjectTemplate.csproj", "{85983C28-8F25-4062-A337-4EB981941508}"
EndProject
Global
	GlobalSection(SolutionConfigurationPlatforms) = preSolution
		Debug|Any CPU = Debug|Any CPU
		Release|Any CPU = Release|Any CPU
	EndGlobalSection
	GlobalSection(ProjectConfigurationPlatforms) = postSolution
		{CFC8B136-5D0D-4439-9373-E7B1CA027118}.Debug|Any CPU.ActiveCfg = Debug|Any CPU
		{CFC8B136-5D0D-4439-9373-E7B1CA027118}.Debug|Any CPU.Build.0 = Debug|Any CPU
		{CFC8B136-5D0D-4439-9373-E7B1CA027118}.Release|Any CPU.ActiveCfg = Release|Any CPU
		{CFC8B136-5D0D-4439-9373-E7B1CA027118}.Release|Any CPU.Build.0 = Release|Any CPU
		{65EBAB30-E636-4515-8315-4F42CF29B6F3}.Debug|Any CPU.ActiveCfg = Debug|Any CPU
		{65EBAB30-E636-4515-8315-4F42CF29B6F3}.Debug|Any CPU.Build.0 = Debug|Any CPU
		{65EBAB30-E636-4515-8315-4F42CF29B6F3}.Release|Any CPU.ActiveCfg = Release|Any CPU
		{65EBAB30-E636-4515-8315-4F42CF29B6F3}.Release|Any CPU.Build.0 = Release|Any CPU
		{464141D0-63EA-4956-9C5C-142EE3906B00}.Debug|Any CPU.ActiveCfg = Debug|Any CPU
		{464141D0-63EA-4956-9C5C-142EE3906B00}.Debug|Any CPU.Build.0 = Debug|Any CPU
		{464141D0-63EA-4956-9C5C-142EE3906B00}.Release|Any CPU.ActiveCfg = Release|Any CPU
		{464141D0-63EA-4956-9C5C-142EE3906B00}.Release|Any CPU.Build.0 = Release|Any CPU
		{0C6FC1E7-DD9B-448C-9D5D-1CB31E742492}.Debug|Any CPU.ActiveCfg = Debug|Any CPU
		{0C6FC1E7-DD9B-448C-9D5D-1CB31E742492}.Debug|Any CPU.Build.0 = Debug|Any CPU
		{0C6FC1E7-DD9B-448C-9D5D-1CB31E742492}.Release|Any CPU.ActiveCfg = Debug|Any CPU
		{0C6FC1E7-DD9B-448C-9D5D-1CB31E742492}.Release|Any CPU.Build.0 = Debug|Any CPU
		{88C4EE36-6BF1-4144-8081-126217A59B56}.Debug|Any CPU.ActiveCfg = Debug|Any CPU
		{88C4EE36-6BF1-4144-8081-126217A59B56}.Debug|Any CPU.Build.0 = Debug|Any CPU
		{88C4EE36-6BF1-4144-8081-126217A59B56}.Release|Any CPU.ActiveCfg = Debug|Any CPU
		{88C4EE36-6BF1-4144-8081-126217A59B56}.Release|Any CPU.Build.0 = Debug|Any CPU
		{4371E445-C653-4470-BECF-7F69870725F3}.Debug|Any CPU.ActiveCfg = Debug|Any CPU
		{4371E445-C653-4470-BECF-7F69870725F3}.Debug|Any CPU.Build.0 = Debug|Any CPU
		{4371E445-C653-4470-BECF-7F69870725F3}.Release|Any CPU.ActiveCfg = Release|Any CPU
		{4371E445-C653-4470-BECF-7F69870725F3}.Release|Any CPU.Build.0 = Release|Any CPU
		{CA6FDA9F-403A-4F63-A215-99079864819A}.Debug|Any CPU.ActiveCfg = Debug|Any CPU
		{CA6FDA9F-403A-4F63-A215-99079864819A}.Debug|Any CPU.Build.0 = Debug|Any CPU
		{CA6FDA9F-403A-4F63-A215-99079864819A}.Release|Any CPU.ActiveCfg = Release|Any CPU
		{CA6FDA9F-403A-4F63-A215-99079864819A}.Release|Any CPU.Build.0 = Release|Any CPU
		{F25888C1-45ED-44E7-B05F-0D5E8207821D}.Debug|Any CPU.ActiveCfg = Debug|Any CPU
		{F25888C1-45ED-44E7-B05F-0D5E8207821D}.Debug|Any CPU.Build.0 = Debug|Any CPU
		{F25888C1-45ED-44E7-B05F-0D5E8207821D}.Release|Any CPU.ActiveCfg = Release|Any CPU
		{F25888C1-45ED-44E7-B05F-0D5E8207821D}.Release|Any CPU.Build.0 = Release|Any CPU
		{1CAE7B49-3E56-47FF-82E1-770533167851}.Debug|Any CPU.ActiveCfg = Debug|Any CPU
		{1CAE7B49-3E56-47FF-82E1-770533167851}.Debug|Any CPU.Build.0 = Debug|Any CPU
		{1CAE7B49-3E56-47FF-82E1-770533167851}.Release|Any CPU.ActiveCfg = Release|Any CPU
		{1CAE7B49-3E56-47FF-82E1-770533167851}.Release|Any CPU.Build.0 = Release|Any CPU
		{85983C28-8F25-4062-A337-4EB981941508}.Debug|Any CPU.ActiveCfg = Debug|Any CPU
		{85983C28-8F25-4062-A337-4EB981941508}.Debug|Any CPU.Build.0 = Debug|Any CPU
		{85983C28-8F25-4062-A337-4EB981941508}.Release|Any CPU.ActiveCfg = Release|Any CPU
		{85983C28-8F25-4062-A337-4EB981941508}.Release|Any CPU.Build.0 = Release|Any CPU
	EndGlobalSection
	GlobalSection(SolutionProperties) = preSolution
		HideSolutionNode = FALSE
	EndGlobalSection
	GlobalSection(NestedProjects) = preSolution
		{24723645-E020-4404-8C34-4F1219FCAA58} = {41302908-B8A3-43B3-BEDF-4429B57644D2}
		{1F55ABC4-E076-434F-BD98-D60C81451C81} = {41302908-B8A3-43B3-BEDF-4429B57644D2}
		{4371E445-C653-4470-BECF-7F69870725F3} = {24723645-E020-4404-8C34-4F1219FCAA58}
		{CA6FDA9F-403A-4F63-A215-99079864819A} = {1F55ABC4-E076-434F-BD98-D60C81451C81}
		{F25888C1-45ED-44E7-B05F-0D5E8207821D} = {1F55ABC4-E076-434F-BD98-D60C81451C81}
		{1CAE7B49-3E56-47FF-82E1-770533167851} = {1F55ABC4-E076-434F-BD98-D60C81451C81}
		{85983C28-8F25-4062-A337-4EB981941508} = {1F55ABC4-E076-434F-BD98-D60C81451C81}
	EndGlobalSection
EndGlobal
