
Microsoft Visual Studio Solution File, Format Version 12.00
# Visual Studio 2013
VisualStudioVersion = 12.0.30501.0
MinimumVisualStudioVersion = 10.0.40219.1
Project("{FAE04EC0-301F-11D3-BF4B-00C04F79EFBC}") = "DanTup.DartVS.Vsix", "DanTup.DartVS.Vsix\DanTup.DartVS.Vsix.csproj", "{CFC8B136-5D0D-4439-9373-E7B1CA027118}"
EndProject
Global
	GlobalSection(SolutionConfigurationPlatforms) = preSolution
		Debug|Any CPU = Debug|Any CPU
		Release|Any CPU = Release|Any CPU
	EndGlobalSection
	GlobalSection(ProjectConfigurationPlatforms) = postSolution
		{CFC8B136-5D0D-4439-9373-E7B1CA027118}.Debug|Any CPU.ActiveCfg = Debug|Any CPU
		{CFC8B136-5D0D-4439-9373-E7B1CA027118}.Debug|Any CPU.Build.0 = Debug|Any CPU
		{CFC8B136-5D0D-4439-9373-E7B1CA027118}.Release|Any CPU.ActiveCfg = Release|Any CPU
		{CFC8B136-5D0D-4439-9373-E7B1CA027118}.Release|Any CPU.Build.0 = Release|Any CPU
	EndGlobalSection
	GlobalSection(SolutionProperties) = preSolution
		HideSolutionNode = FALSE
	EndGlobalSection
EndGlobal
